{
  "name": "dotvvm-contrib-heroicon-codegenerator",
  "version": "1.0.0",
  "lockfileVersion": 1,
  "requires": true,
  "dependencies": {
    "heroicons": {
      "version": "2.0.12",
      "resolved": "https://registry.npmjs.org/heroicons/-/heroicons-2.0.12.tgz",
      "integrity": "sha512-fqK3k5a1F5eUf74cebh2Ng82lCskDwMbMno9f/BCyZQjSJ8bXKl7jK3507pOSIvB2QrZjF9SD0YQzkKUx1iiNw=="
    }
  }
}
